
Microsoft Visual Studio Solution File, Format Version 12.00
# Visual Studio Version 16
VisualStudioVersion = 16.0.30907.101
MinimumVisualStudioVersion = 10.0.40219.1
Project("{FAE04EC0-301F-11D3-BF4B-00C04F79EFBC}") = "Charisma.Services", "Charisma.Services\Charisma.Services.csproj", "{249DB8E4-7B31-49B2-A9D0-6110661D9806}"
EndProject
Project("{FAE04EC0-301F-11D3-BF4B-00C04F79EFBC}") = "Charisma.Entities", "Charisma.Entities\Charisma.Entities.csproj", "{4496559D-CBAE-424C-A64E-B1B0184F82FA}"
EndProject
Project("{FAE04EC0-301F-11D3-BF4B-00C04F79EFBC}") = "Charisma.Data", "Charisma.Data\Charisma.Data.csproj", "{943D12CD-73AE-4661-96FE-BD892688B550}"
EndProject
Global
	GlobalSection(SolutionConfigurationPlatforms) = preSolution
		Debug|Any CPU = Debug|Any CPU
		Release|Any CPU = Release|Any CPU
	EndGlobalSection
	GlobalSection(ProjectConfigurationPlatforms) = postSolution
		{249DB8E4-7B31-49B2-A9D0-6110661D9806}.Debug|Any CPU.ActiveCfg = Debug|Any CPU
		{249DB8E4-7B31-49B2-A9D0-6110661D9806}.Debug|Any CPU.Build.0 = Debug|Any CPU
		{249DB8E4-7B31-49B2-A9D0-6110661D9806}.Release|Any CPU.ActiveCfg = Release|Any CPU
		{249DB8E4-7B31-49B2-A9D0-6110661D9806}.Release|Any CPU.Build.0 = Release|Any CPU
		{4496559D-CBAE-424C-A64E-B1B0184F82FA}.Debug|Any CPU.ActiveCfg = Debug|Any CPU
		{4496559D-CBAE-424C-A64E-B1B0184F82FA}.Debug|Any CPU.Build.0 = Debug|Any CPU
		{4496559D-CBAE-424C-A64E-B1B0184F82FA}.Release|Any CPU.ActiveCfg = Release|Any CPU
		{4496559D-CBAE-424C-A64E-B1B0184F82FA}.Release|Any CPU.Build.0 = Release|Any CPU
		{943D12CD-73AE-4661-96FE-BD892688B550}.Debug|Any CPU.ActiveCfg = Debug|Any CPU
		{943D12CD-73AE-4661-96FE-BD892688B550}.Debug|Any CPU.Build.0 = Debug|Any CPU
		{943D12CD-73AE-4661-96FE-BD892688B550}.Release|Any CPU.ActiveCfg = Release|Any CPU
		{943D12CD-73AE-4661-96FE-BD892688B550}.Release|Any CPU.Build.0 = Release|Any CPU
	EndGlobalSection
	GlobalSection(SolutionProperties) = preSolution
		HideSolutionNode = FALSE
	EndGlobalSection
	GlobalSection(ExtensibilityGlobals) = postSolution
		SolutionGuid = {A233697A-8E8D-4938-888C-81BE84BC2544}
	EndGlobalSection
EndGlobal
